# This file is automatically @generated by Cargo.
# It is not intended for manual editing.
version = 4

[[package]]
name = "agentic_sdk"
version = "0.1.0"

[[package]]
name = "child_proc"
version = "0.1.0"
dependencies = [
 "agentic_sdk",
 "kernel_common",
]

[[package]]
name = "kernel_common"
version = "0.1.0"
